{
  "version": "2",
  "remote": {
    "https://deno.land/std@0.180.0/_util/asserts.ts": "178dfc49a464aee693a7e285567b3d0b555dc805ff490505a8aae34f9cfb1462",
    "https://deno.land/std@0.180.0/bytes/concat.ts": "d26d6f3d7922e6d663dacfcd357563b7bf4a380ce5b9c2bbe0c8586662f25ce2",
    "https://deno.land/std@0.180.0/bytes/copy.ts": "939d89e302a9761dcf1d9c937c7711174ed74c59eef40a1e4569a05c9de88219",
    "https://deno.land/std@0.180.0/flags/mod.ts": "d1cdefa18472ef69858a17df5cf7c98445ed27ac10e1460183081303b0ebc270",
    "https://deno.land/std@0.180.0/io/buf_reader.ts": "90a7adcb3638d8e1361695cdf844d58bcd97c41711dc6f9f8acc0626ebe097f5",
    "https://deno.land/std@0.180.0/io/buffer.ts": "e2b7564f684dad625cab08f5106f33572d325705d19a36822b3272fbdfb8f726",
    "https://deno.land/std@0.180.0/io/read_lines.ts": "baee9e35034f2fdfccf63bc24b7e3cb45aa1c1c5de26d178f7bcbc572e87772f",
    "https://deno.land/std@0.180.0/types.d.ts": "220ed56662a0bd393ba5d124aa6ae2ad36a00d2fcbc0e8666a65f4606aaa9784",
    "https://deno.land/std@0.180.0/yaml/_dumper/dumper.ts": "a2c937a53a2b0473125a31a330334cc3f30e98fd82f8143bc225583d1260890b",
    "https://deno.land/std@0.180.0/yaml/_dumper/dumper_state.ts": "f0d0673ceea288334061ca34b63954c2bb5feb5bf6de5e4cfe9a942cdf6e5efe",
    "https://deno.land/std@0.180.0/yaml/_error.ts": "b59e2c76ce5a47b1b9fa0ff9f96c1dd92ea1e1b17ce4347ece5944a95c3c1a84",
    "https://deno.land/std@0.180.0/yaml/_loader/loader.ts": "04cf748a736a9b3a29bd3d4b3c77d81489f82cfe8391627fd6ba8327e1e8cec2",
    "https://deno.land/std@0.180.0/yaml/_loader/loader_state.ts": "0841870b467169269d7c2dfa75cd288c319bc06f65edd9e42c29e5fced91c7a4",
    "https://deno.land/std@0.180.0/yaml/_mark.ts": "dcd8585dee585e024475e9f3fe27d29740670fb64ebb970388094cad0fc11d5d",
    "https://deno.land/std@0.180.0/yaml/_state.ts": "ef03d55ec235d48dcfbecc0ab3ade90bfae69a61094846e08003421c2cf5cfc6",
    "https://deno.land/std@0.180.0/yaml/_type/binary.ts": "d34d8c8d8ed521e270cfede3401c425b971af4f6c69da1e2cb32b172d42c7da7",
    "https://deno.land/std@0.180.0/yaml/_type/bool.ts": "5bfa75da84343d45347b521ba4e5aeace9fe6f53447405290d53315a3fc20e66",
    "https://deno.land/std@0.180.0/yaml/_type/float.ts": "056bd3cb9c5586238b20517511014fb24b0e36f98f9f6073e12da308b6b9808a",
    "https://deno.land/std@0.180.0/yaml/_type/function.ts": "ff574fe84a750695302864e1c31b93f12d14ada4bde79a5f93197fc33ad17471",
    "https://deno.land/std@0.180.0/yaml/_type/int.ts": "563ad074f0fa7aecf6b6c3d84135bcc95a8269dcc15de878de20ce868fd773fa",
    "https://deno.land/std@0.180.0/yaml/_type/map.ts": "7b105e4ab03a361c61e7e335a0baf4d40f06460b13920e5af3fb2783a1464000",
    "https://deno.land/std@0.180.0/yaml/_type/merge.ts": "8192bf3e4d637f32567917f48bb276043da9cf729cf594e5ec191f7cd229337e",
    "https://deno.land/std@0.180.0/yaml/_type/mod.ts": "060e2b3d38725094b77ea3a3f05fc7e671fced8e67ca18e525be98c4aa8f4bbb",
    "https://deno.land/std@0.180.0/yaml/_type/nil.ts": "606e8f0c44d73117c81abec822f89ef81e40f712258c74f186baa1af659b8887",
    "https://deno.land/std@0.180.0/yaml/_type/omap.ts": "cfe59a294726f5cea705c39a61fd2b08199cf48f4ccd6b040cb550ec0f38d0a1",
    "https://deno.land/std@0.180.0/yaml/_type/pairs.ts": "0032fdfe57558d21696a4f8cf5b5cfd1f698743177080affc18629685c905666",
    "https://deno.land/std@0.180.0/yaml/_type/regexp.ts": "1ce118de15b2da43b4bd8e4395f42d448b731acf3bdaf7c888f40789f9a95f8b",
    "https://deno.land/std@0.180.0/yaml/_type/seq.ts": "95333abeec8a7e4d967b8c8328b269e342a4bbdd2585395549b9c4f58c8533a2",
    "https://deno.land/std@0.180.0/yaml/_type/set.ts": "f28ba44e632ef2a6eb580486fd47a460445eeddbdf1dbc739c3e62486f566092",
    "https://deno.land/std@0.180.0/yaml/_type/str.ts": "a67a3c6e429d95041399e964015511779b1130ea5889fa257c48457bd3446e31",
    "https://deno.land/std@0.180.0/yaml/_type/timestamp.ts": "706ea80a76a73e48efaeb400ace087da1f927647b53ad6f754f4e06d51af087f",
    "https://deno.land/std@0.180.0/yaml/_type/undefined.ts": "94a316ca450597ccbc6750cbd79097ad0d5f3a019797eed3c841a040c29540ba",
    "https://deno.land/std@0.180.0/yaml/_utils.ts": "26b311f0d42a7ce025060bd6320a68b50e52fd24a839581eb31734cd48e20393",
    "https://deno.land/std@0.180.0/yaml/parse.ts": "b2116b46f6827ffd602b99af2e69d2e84e0ca8273ffe982acd85e189216d11d2",
    "https://deno.land/std@0.180.0/yaml/schema.ts": "6c31874aa36aa327094dd0e453595039a5e4505647a7d3367bdfe507d78ffb60",
    "https://deno.land/std@0.180.0/yaml/schema/core.ts": "366f56673336ba24f5723c04319efcc7471be5f55d5f8d95c9b4a38ec233d4c6",
    "https://deno.land/std@0.180.0/yaml/schema/default.ts": "3e21e3b1e29f61ace91029be790f761cf90620dec06199a4df916299fe7b75a1",
    "https://deno.land/std@0.180.0/yaml/schema/extended.ts": "c8441e77d1752da292b68eef35c127cef8539c661eceda0533be9e59050bdcd8",
    "https://deno.land/std@0.180.0/yaml/schema/failsafe.ts": "19ef1a2d549fe8c4be8eca0c81c3e47c9c8d77f8792b5d275b222d363ef97b5b",
    "https://deno.land/std@0.180.0/yaml/schema/json.ts": "95474ad41201ecc81f352e7209550faf0e25d36c6cec562e208467f6ac43e659",
    "https://deno.land/std@0.180.0/yaml/schema/mod.ts": "051f93dd97a15aaad2da62bd24627e8fd2f02fb026d21567d924b720d606f078",
    "https://deno.land/std@0.180.0/yaml/stringify.ts": "b5c31bcefcb2376e69cf18fe8b19e645548524ba26119c7bb0fc7737be5f9ab6",
    "https://deno.land/std@0.180.0/yaml/type.ts": "223ee96dc623da8201a91d555a3a9b13f861f49276b35cec3c35ec4b6c53a7a9"
  }
}
